
Microsoft Visual Studio Solution File, Format Version 12.00
# Visual Studio 15
Project("{FAE04EC0-301F-11D3-BF4B-00C04F79EFBC}") = "MessageniusSample", "MessageniusSample\MessageniusSample.csproj", "{9D438548-3A57-4A48-ADE2-7B103E4FFEA9}"
EndProject
Project("{FAE04EC0-301F-11D3-BF4B-00C04F79EFBC}") = "MessageniusSample.Android", "MessageniusSample.Android\MessageniusSample.Android.csproj", "{4224A055-1090-43B7-A678-4F3620850BA1}"
EndProject
Project("{FAE04EC0-301F-11D3-BF4B-00C04F79EFBC}") = "MessageniusSample.iOS", "MessageniusSample.iOS\MessageniusSample.iOS.csproj", "{4C98FEF1-A7CB-4D3B-9BC6-3C72ED12DF13}"
EndProject
Global
	GlobalSection(SolutionConfigurationPlatforms) = preSolution
		Debug|Any CPU = Debug|Any CPU
		Release|Any CPU = Release|Any CPU
		Debug|iPhoneSimulator = Debug|iPhoneSimulator
		Release|iPhoneSimulator = Release|iPhoneSimulator
		Debug|iPhone = Debug|iPhone
		Release|iPhone = Release|iPhone
	EndGlobalSection
	GlobalSection(ProjectConfigurationPlatforms) = postSolution
		{9D438548-3A57-4A48-ADE2-7B103E4FFEA9}.Debug|Any CPU.ActiveCfg = Debug|Any CPU
		{9D438548-3A57-4A48-ADE2-7B103E4FFEA9}.Debug|Any CPU.Build.0 = Debug|Any CPU
		{9D438548-3A57-4A48-ADE2-7B103E4FFEA9}.Release|Any CPU.ActiveCfg = Release|Any CPU
		{9D438548-3A57-4A48-ADE2-7B103E4FFEA9}.Release|Any CPU.Build.0 = Release|Any CPU
		{9D438548-3A57-4A48-ADE2-7B103E4FFEA9}.Debug|iPhoneSimulator.ActiveCfg = Debug|Any CPU
		{9D438548-3A57-4A48-ADE2-7B103E4FFEA9}.Debug|iPhoneSimulator.Build.0 = Debug|Any CPU
		{9D438548-3A57-4A48-ADE2-7B103E4FFEA9}.Release|iPhoneSimulator.ActiveCfg = Release|Any CPU
		{9D438548-3A57-4A48-ADE2-7B103E4FFEA9}.Release|iPhoneSimulator.Build.0 = Release|Any CPU
		{9D438548-3A57-4A48-ADE2-7B103E4FFEA9}.Debug|iPhone.ActiveCfg = Debug|Any CPU
		{9D438548-3A57-4A48-ADE2-7B103E4FFEA9}.Debug|iPhone.Build.0 = Debug|Any CPU
		{9D438548-3A57-4A48-ADE2-7B103E4FFEA9}.Release|iPhone.ActiveCfg = Release|Any CPU
		{9D438548-3A57-4A48-ADE2-7B103E4FFEA9}.Release|iPhone.Build.0 = Release|Any CPU
		{4224A055-1090-43B7-A678-4F3620850BA1}.Debug|Any CPU.ActiveCfg = Debug|Any CPU
		{4224A055-1090-43B7-A678-4F3620850BA1}.Debug|Any CPU.Build.0 = Debug|Any CPU
		{4224A055-1090-43B7-A678-4F3620850BA1}.Release|Any CPU.ActiveCfg = Release|Any CPU
		{4224A055-1090-43B7-A678-4F3620850BA1}.Release|Any CPU.Build.0 = Release|Any CPU
		{4224A055-1090-43B7-A678-4F3620850BA1}.Debug|iPhoneSimulator.ActiveCfg = Debug|Any CPU
		{4224A055-1090-43B7-A678-4F3620850BA1}.Debug|iPhoneSimulator.Build.0 = Debug|Any CPU
		{4224A055-1090-43B7-A678-4F3620850BA1}.Release|iPhoneSimulator.ActiveCfg = Release|Any CPU
		{4224A055-1090-43B7-A678-4F3620850BA1}.Release|iPhoneSimulator.Build.0 = Release|Any CPU
		{4224A055-1090-43B7-A678-4F3620850BA1}.Debug|iPhone.ActiveCfg = Debug|Any CPU
		{4224A055-1090-43B7-A678-4F3620850BA1}.Debug|iPhone.Build.0 = Debug|Any CPU
		{4224A055-1090-43B7-A678-4F3620850BA1}.Release|iPhone.ActiveCfg = Release|Any CPU
		{4224A055-1090-43B7-A678-4F3620850BA1}.Release|iPhone.Build.0 = Release|Any CPU
		{4C98FEF1-A7CB-4D3B-9BC6-3C72ED12DF13}.Debug|Any CPU.ActiveCfg = Debug|iPhoneSimulator
		{4C98FEF1-A7CB-4D3B-9BC6-3C72ED12DF13}.Debug|Any CPU.Build.0 = Debug|iPhoneSimulator
		{4C98FEF1-A7CB-4D3B-9BC6-3C72ED12DF13}.Release|Any CPU.ActiveCfg = Release|iPhoneSimulator
		{4C98FEF1-A7CB-4D3B-9BC6-3C72ED12DF13}.Release|Any CPU.Build.0 = Release|iPhoneSimulator
		{4C98FEF1-A7CB-4D3B-9BC6-3C72ED12DF13}.Debug|iPhoneSimulator.ActiveCfg = Debug|iPhoneSimulator
		{4C98FEF1-A7CB-4D3B-9BC6-3C72ED12DF13}.Debug|iPhoneSimulator.Build.0 = Debug|iPhoneSimulator
		{4C98FEF1-A7CB-4D3B-9BC6-3C72ED12DF13}.Release|iPhoneSimulator.ActiveCfg = Release|iPhoneSimulator
		{4C98FEF1-A7CB-4D3B-9BC6-3C72ED12DF13}.Release|iPhoneSimulator.Build.0 = Release|iPhoneSimulator
		{4C98FEF1-A7CB-4D3B-9BC6-3C72ED12DF13}.Debug|iPhone.ActiveCfg = Debug|iPhone
		{4C98FEF1-A7CB-4D3B-9BC6-3C72ED12DF13}.Debug|iPhone.Build.0 = Debug|iPhone
		{4C98FEF1-A7CB-4D3B-9BC6-3C72ED12DF13}.Release|iPhone.ActiveCfg = Release|iPhone
		{4C98FEF1-A7CB-4D3B-9BC6-3C72ED12DF13}.Release|iPhone.Build.0 = Release|iPhone
	EndGlobalSection
EndGlobal
